// !$*UTF8*$!
{
	archiveVersion = 1;
	classes = {
	};
	objectVersion = 50;
	objects = {

/* Begin PBXBuildFile section */
		8E03604B2663533B008340C9 /* QuestionBox.swift in Sources */ = {isa = PBXBuildFile; fileRef = 8E03604A2663533B008340C9 /* QuestionBox.swift */; };
		8E0AFA3D265B4FDA00F2CE44 /* GetQuestion.swift in Sources */ = {isa = PBXBuildFile; fileRef = 8E0AFA3C265B4FDA00F2CE44 /* GetQuestion.swift */; };
		8EA45C9F265757D00001E030 /* BioMatrixApp.swift in Sources */ = {isa = PBXBuildFile; fileRef = 8EA45C9E265757D00001E030 /* BioMatrixApp.swift */; };
		8EA45CA1265757D00001E030 /* ContentView.swift in Sources */ = {isa = PBXBuildFile; fileRef = 8EA45CA0265757D00001E030 /* ContentView.swift */; };
		8EA45CA3265757D10001E030 /* Assets.xcassets in Resources */ = {isa = PBXBuildFile; fileRef = 8EA45CA2265757D10001E030 /* Assets.xcassets */; };
		8EA45CA6265757D10001E030 /* Preview Assets.xcassets in Resources */ = {isa = PBXBuildFile; fileRef = 8EA45CA5265757D10001E030 /* Preview Assets.xcassets */; };
		8EA45CB0265760600001E030 /* Launch Screen.storyboard in Resources */ = {isa = PBXBuildFile; fileRef = 8EA45CAF265760600001E030 /* Launch Screen.storyboard */; };
		8EA45CB3265760A60001E030 /* Colors.xcassets in Resources */ = {isa = PBXBuildFile; fileRef = 8EA45CB2265760A60001E030 /* Colors.xcassets */; };
		8EA45CC32657617C0001E030 /* Roboto-Medium.ttf in Resources */ = {isa = PBXBuildFile; fileRef = 8EA45CB72657617B0001E030 /* Roboto-Medium.ttf */; };
		8EA45CC42657617C0001E030 /* Roboto-Bold.ttf in Resources */ = {isa = PBXBuildFile; fileRef = 8EA45CB82657617B0001E030 /* Roboto-Bold.ttf */; };
		8EA45CC52657617C0001E030 /* Roboto-LightItalic.ttf in Resources */ = {isa = PBXBuildFile; fileRef = 8EA45CB92657617B0001E030 /* Roboto-LightItalic.ttf */; };
		8EA45CC62657617C0001E030 /* Roboto-MediumItalic.ttf in Resources */ = {isa = PBXBuildFile; fileRef = 8EA45CBA2657617B0001E030 /* Roboto-MediumItalic.ttf */; };
		8EA45CC72657617C0001E030 /* Roboto-Black.ttf in Resources */ = {isa = PBXBuildFile; fileRef = 8EA45CBB2657617B0001E030 /* Roboto-Black.ttf */; };
		8EA45CC82657617C0001E030 /* Roboto-Italic.ttf in Resources */ = {isa = PBXBuildFile; fileRef = 8EA45CBC2657617B0001E030 /* Roboto-Italic.ttf */; };
		8EA45CC92657617C0001E030 /* Roboto-Thin.ttf in Resources */ = {isa = PBXBuildFile; fileRef = 8EA45CBD2657617B0001E030 /* Roboto-Thin.ttf */; };
		8EA45CCA2657617C0001E030 /* Roboto-ThinItalic.ttf in Resources */ = {isa = PBXBuildFile; fileRef = 8EA45CBE2657617B0001E030 /* Roboto-ThinItalic.ttf */; };
		8EA45CCB2657617C0001E030 /* Roboto-Regular.ttf in Resources */ = {isa = PBXBuildFile; fileRef = 8EA45CBF2657617B0001E030 /* Roboto-Regular.ttf */; };
		8EA45CCC2657617C0001E030 /* Roboto-BlackItalic.ttf in Resources */ = {isa = PBXBuildFile; fileRef = 8EA45CC02657617B0001E030 /* Roboto-BlackItalic.ttf */; };
		8EA45CCD2657617C0001E030 /* Roboto-BoldItalic.ttf in Resources */ = {isa = PBXBuildFile; fileRef = 8EA45CC12657617C0001E030 /* Roboto-BoldItalic.ttf */; };
		8EA45CCE2657617C0001E030 /* Roboto-Light.ttf in Resources */ = {isa = PBXBuildFile; fileRef = 8EA45CC22657617C0001E030 /* Roboto-Light.ttf */; };
		8EA45CD22657629E0001E030 /* TurtleRound.swift in Sources */ = {isa = PBXBuildFile; fileRef = 8EA45CD12657629E0001E030 /* TurtleRound.swift */; };
		8EA45CD6265762A70001E030 /* TimerRound.swift in Sources */ = {isa = PBXBuildFile; fileRef = 8EA45CD5265762A70001E030 /* TimerRound.swift */; };
		8EA45CD9265762B70001E030 /* SpeedRound.swift in Sources */ = {isa = PBXBuildFile; fileRef = 8EA45CD8265762B70001E030 /* SpeedRound.swift */; };
		8EA45CDC265762F90001E030 /* PickRound.swift in Sources */ = {isa = PBXBuildFile; fileRef = 8EA45CDB265762F90001E030 /* PickRound.swift */; };
		8EA45CDF265763110001E030 /* Starred.swift in Sources */ = {isa = PBXBuildFile; fileRef = 8EA45CDE265763110001E030 /* Starred.swift */; };
		8EA45CE5265765690001E030 /* Welcome.swift in Sources */ = {isa = PBXBuildFile; fileRef = 8EA45CE4265765690001E030 /* Welcome.swift */; };
		8EA45CE8265765840001E030 /* LocalStorage.swift in Sources */ = {isa = PBXBuildFile; fileRef = 8EA45CE7265765840001E030 /* LocalStorage.swift */; };
		8EA45CEC265765970001E030 /* Question.swift in Sources */ = {isa = PBXBuildFile; fileRef = 8EA45CEB265765970001E030 /* Question.swift */; };
/* End PBXBuildFile section */

/* Begin PBXFileReference section */
		8E03604A2663533B008340C9 /* QuestionBox.swift */ = {isa = PBXFileReference; lastKnownFileType = sourcecode.swift; path = QuestionBox.swift; sourceTree = "<group>"; };
		8E0AFA3C265B4FDA00F2CE44 /* GetQuestion.swift */ = {isa = PBXFileReference; lastKnownFileType = sourcecode.swift; path = GetQuestion.swift; sourceTree = "<group>"; };
		8EA45C9B265757D00001E030 /* BioMatrix.app */ = {isa = PBXFileReference; explicitFileType = wrapper.application; includeInIndex = 0; path = BioMatrix.app; sourceTree = BUILT_PRODUCTS_DIR; };
		8EA45C9E265757D00001E030 /* BioMatrixApp.swift */ = {isa = PBXFileReference; lastKnownFileType = sourcecode.swift; path = BioMatrixApp.swift; sourceTree = "<group>"; };
		8EA45CA0265757D00001E030 /* ContentView.swift */ = {isa = PBXFileReference; lastKnownFileType = sourcecode.swift; path = ContentView.swift; sourceTree = "<group>"; };
		8EA45CA2265757D10001E030 /* Assets.xcassets */ = {isa = PBXFileReference; lastKnownFileType = folder.assetcatalog; path = Assets.xcassets; sourceTree = "<group>"; };
		8EA45CA5265757D10001E030 /* Preview Assets.xcassets */ = {isa = PBXFileReference; lastKnownFileType = folder.assetcatalog; path = "Preview Assets.xcassets"; sourceTree = "<group>"; };
		8EA45CA7265757D10001E030 /* Info.plist */ = {isa = PBXFileReference; lastKnownFileType = text.plist.xml; path = Info.plist; sourceTree = "<group>"; };
		8EA45CAF265760600001E030 /* Launch Screen.storyboard */ = {isa = PBXFileReference; lastKnownFileType = file.storyboard; path = "Launch Screen.storyboard"; sourceTree = "<group>"; };
		8EA45CB2265760A60001E030 /* Colors.xcassets */ = {isa = PBXFileReference; lastKnownFileType = folder.assetcatalog; path = Colors.xcassets; sourceTree = "<group>"; };
		8EA45CB72657617B0001E030 /* Roboto-Medium.ttf */ = {isa = PBXFileReference; lastKnownFileType = file; path = "Roboto-Medium.ttf"; sourceTree = "<group>"; };
		8EA45CB82657617B0001E030 /* Roboto-Bold.ttf */ = {isa = PBXFileReference; lastKnownFileType = file; path = "Roboto-Bold.ttf"; sourceTree = "<group>"; };
		8EA45CB92657617B0001E030 /* Roboto-LightItalic.ttf */ = {isa = PBXFileReference; lastKnownFileType = file; path = "Roboto-LightItalic.ttf"; sourceTree = "<group>"; };
		8EA45CBA2657617B0001E030 /* Roboto-MediumItalic.ttf */ = {isa = PBXFileReference; lastKnownFileType = file; path = "Roboto-MediumItalic.ttf"; sourceTree = "<group>"; };
		8EA45CBB2657617B0001E030 /* Roboto-Black.ttf */ = {isa = PBXFileReference; lastKnownFileType = file; path = "Roboto-Black.ttf"; sourceTree = "<group>"; };
		8EA45CBC2657617B0001E030 /* Roboto-Italic.ttf */ = {isa = PBXFileReference; lastKnownFileType = file; path = "Roboto-Italic.ttf"; sourceTree = "<group>"; };
		8EA45CBD2657617B0001E030 /* Roboto-Thin.ttf */ = {isa = PBXFileReference; lastKnownFileType = file; path = "Roboto-Thin.ttf"; sourceTree = "<group>"; };
		8EA45CBE2657617B0001E030 /* Roboto-ThinItalic.ttf */ = {isa = PBXFileReference; lastKnownFileType = file; path = "Roboto-ThinItalic.ttf"; sourceTree = "<group>"; };
		8EA45CBF2657617B0001E030 /* Roboto-Regular.ttf */ = {isa = PBXFileReference; lastKnownFileType = file; path = "Roboto-Regular.ttf"; sourceTree = "<group>"; };
		8EA45CC02657617B0001E030 /* Roboto-BlackItalic.ttf */ = {isa = PBXFileReference; lastKnownFileType = file; path = "Roboto-BlackItalic.ttf"; sourceTree = "<group>"; };
		8EA45CC12657617C0001E030 /* Roboto-BoldItalic.ttf */ = {isa = PBXFileReference; lastKnownFileType = file; path = "Roboto-BoldItalic.ttf"; sourceTree = "<group>"; };
		8EA45CC22657617C0001E030 /* Roboto-Light.ttf */ = {isa = PBXFileReference; lastKnownFileType = file; path = "Roboto-Light.ttf"; sourceTree = "<group>"; };
		8EA45CD12657629E0001E030 /* TurtleRound.swift */ = {isa = PBXFileReference; lastKnownFileType = sourcecode.swift; path = TurtleRound.swift; sourceTree = "<group>"; };
		8EA45CD5265762A70001E030 /* TimerRound.swift */ = {isa = PBXFileReference; lastKnownFileType = sourcecode.swift; path = TimerRound.swift; sourceTree = "<group>"; };
		8EA45CD8265762B70001E030 /* SpeedRound.swift */ = {isa = PBXFileReference; lastKnownFileType = sourcecode.swift; path = SpeedRound.swift; sourceTree = "<group>"; };
		8EA45CDB265762F90001E030 /* PickRound.swift */ = {isa = PBXFileReference; lastKnownFileType = sourcecode.swift; path = PickRound.swift; sourceTree = "<group>"; };
		8EA45CDE265763110001E030 /* Starred.swift */ = {isa = PBXFileReference; lastKnownFileType = sourcecode.swift; path = Starred.swift; sourceTree = "<group>"; };
		8EA45CE4265765690001E030 /* Welcome.swift */ = {isa = PBXFileReference; lastKnownFileType = sourcecode.swift; path = Welcome.swift; sourceTree = "<group>"; };
		8EA45CE7265765840001E030 /* LocalStorage.swift */ = {isa = PBXFileReference; lastKnownFileType = sourcecode.swift; path = LocalStorage.swift; sourceTree = "<group>"; };
		8EA45CEB265765970001E030 /* Question.swift */ = {isa = PBXFileReference; lastKnownFileType = sourcecode.swift; path = Question.swift; sourceTree = "<group>"; };
		8EB26E782659E62C004365EB /* README.md */ = {isa = PBXFileReference; lastKnownFileType = net.daringfireball.markdown; path = README.md; sourceTree = "<group>"; };
/* End PBXFileReference section */

/* Begin PBXFrameworksBuildPhase section */
		8EA45C98265757D00001E030 /* Frameworks */ = {
			isa = PBXFrameworksBuildPhase;
			buildActionMask = 2147483647;
			files = (
			);
			runOnlyForDeploymentPostprocessing = 0;
		};
/* End PBXFrameworksBuildPhase section */

/* Begin PBXGroup section */
		8E2E3A4F265F2BCE004F41D4 /* Assets */ = {
			isa = PBXGroup;
			children = (
				8EA45CA2265757D10001E030 /* Assets.xcassets */,
				8EA45CB2265760A60001E030 /* Colors.xcassets */,
			);
			path = Assets;
			sourceTree = "<group>";
		};
		8E2E3A50265F2C07004F41D4 /* Views */ = {
			isa = PBXGroup;
			children = (
				8EA45CDB265762F90001E030 /* PickRound.swift */,
				8EA45CDE265763110001E030 /* Starred.swift */,
			);
			path = Views;
			sourceTree = "<group>";
		};
		8EA45C92265757D00001E030 = {
			isa = PBXGroup;
			children = (
				8EB26E782659E62C004365EB /* README.md */,
				8EA45CAF265760600001E030 /* Launch Screen.storyboard */,
				8EA45C9D265757D00001E030 /* BioMatrix */,
				8EA45C9C265757D00001E030 /* Products */,
			);
			sourceTree = "<group>";
		};
		8EA45C9C265757D00001E030 /* Products */ = {
			isa = PBXGroup;
			children = (
				8EA45C9B265757D00001E030 /* BioMatrix.app */,
			);
			name = Products;
			sourceTree = "<group>";
		};
		8EA45C9D265757D00001E030 /* BioMatrix */ = {
			isa = PBXGroup;
			children = (
				8E2E3A4F265F2BCE004F41D4 /* Assets */,
				8EB26E7E2659F75D004365EB /* Helper */,
				8EA45CE3265765550001E030 /* Data */,
				8EA45CD0265762600001E030 /* Rounds */,
				8EA45CB6265761520001E030 /* Fonts */,
				8E2E3A50265F2C07004F41D4 /* Views */,
				8EA45C9E265757D00001E030 /* BioMatrixApp.swift */,
				8EA45CE4265765690001E030 /* Welcome.swift */,
				8EA45CA0265757D00001E030 /* ContentView.swift */,
				8EA45CA7265757D10001E030 /* Info.plist */,
				8EA45CA4265757D10001E030 /* Preview Content */,
			);
			path = BioMatrix;
			sourceTree = "<group>";
		};
		8EA45CA4265757D10001E030 /* Preview Content */ = {
			isa = PBXGroup;
			children = (
				8EA45CA5265757D10001E030 /* Preview Assets.xcassets */,
			);
			path = "Preview Content";
			sourceTree = "<group>";
		};
		8EA45CB6265761520001E030 /* Fonts */ = {
			isa = PBXGroup;
			children = (
				8EA45CBB2657617B0001E030 /* Roboto-Black.ttf */,
				8EA45CC02657617B0001E030 /* Roboto-BlackItalic.ttf */,
				8EA45CB82657617B0001E030 /* Roboto-Bold.ttf */,
				8EA45CC12657617C0001E030 /* Roboto-BoldItalic.ttf */,
				8EA45CBC2657617B0001E030 /* Roboto-Italic.ttf */,
				8EA45CC22657617C0001E030 /* Roboto-Light.ttf */,
				8EA45CB92657617B0001E030 /* Roboto-LightItalic.ttf */,
				8EA45CB72657617B0001E030 /* Roboto-Medium.ttf */,
				8EA45CBA2657617B0001E030 /* Roboto-MediumItalic.ttf */,
				8EA45CBF2657617B0001E030 /* Roboto-Regular.ttf */,
				8EA45CBD2657617B0001E030 /* Roboto-Thin.ttf */,
				8EA45CBE2657617B0001E030 /* Roboto-ThinItalic.ttf */,
			);
			path = Fonts;
			sourceTree = "<group>";
		};
		8EA45CD0265762600001E030 /* Rounds */ = {
			isa = PBXGroup;
			children = (
				8EA45CD12657629E0001E030 /* TurtleRound.swift */,
				8EA45CD5265762A70001E030 /* TimerRound.swift */,
				8EA45CD8265762B70001E030 /* SpeedRound.swift */,
			);
			path = Rounds;
			sourceTree = "<group>";
		};
		8EA45CE3265765550001E030 /* Data */ = {
			isa = PBXGroup;
			children = (
				8EA45CE7265765840001E030 /* LocalStorage.swift */,
				8EA45CEB265765970001E030 /* Question.swift */,
			);
			path = Data;
			sourceTree = "<group>";
		};
		8EB26E7E2659F75D004365EB /* Helper */ = {
			isa = PBXGroup;
			children = (
				8E0AFA3C265B4FDA00F2CE44 /* GetQuestion.swift */,
				8E03604A2663533B008340C9 /* QuestionBox.swift */,
			);
			path = Helper;
			sourceTree = "<group>";
		};
/* End PBXGroup section */

/* Begin PBXNativeTarget section */
		8EA45C9A265757D00001E030 /* BioMatrix */ = {
			isa = PBXNativeTarget;
			buildConfigurationList = 8EA45CAA265757D10001E030 /* Build configuration list for PBXNativeTarget "BioMatrix" */;
			buildPhases = (
				8EA45C97265757D00001E030 /* Sources */,
				8EA45C98265757D00001E030 /* Frameworks */,
				8EA45C99265757D00001E030 /* Resources */,
			);
			buildRules = (
			);
			dependencies = (
			);
			name = BioMatrix;
			productName = BioMatrix;
			productReference = 8EA45C9B265757D00001E030 /* BioMatrix.app */;
			productType = "com.apple.product-type.application";
		};
/* End PBXNativeTarget section */

/* Begin PBXProject section */
		8EA45C93265757D00001E030 /* Project object */ = {
			isa = PBXProject;
			attributes = {
				LastSwiftUpdateCheck = 1240;
				LastUpgradeCheck = 1240;
				TargetAttributes = {
					8EA45C9A265757D00001E030 = {
						CreatedOnToolsVersion = 12.4;
					};
				};
			};
			buildConfigurationList = 8EA45C96265757D00001E030 /* Build configuration list for PBXProject "BioMatrix" */;
			compatibilityVersion = "Xcode 9.3";
			developmentRegion = en;
			hasScannedForEncodings = 0;
			knownRegions = (
				en,
				Base,
			);
			mainGroup = 8EA45C92265757D00001E030;
			productRefGroup = 8EA45C9C265757D00001E030 /* Products */;
			projectDirPath = "";
			projectRoot = "";
			targets = (
				8EA45C9A265757D00001E030 /* BioMatrix */,
			);
		};
/* End PBXProject section */

/* Begin PBXResourcesBuildPhase section */
		8EA45C99265757D00001E030 /* Resources */ = {
			isa = PBXResourcesBuildPhase;
			buildActionMask = 2147483647;
			files = (
				8EA45CCA2657617C0001E030 /* Roboto-ThinItalic.ttf in Resources */,
				8EA45CC32657617C0001E030 /* Roboto-Medium.ttf in Resources */,
				8EA45CB0265760600001E030 /* Launch Screen.storyboard in Resources */,
				8EA45CCD2657617C0001E030 /* Roboto-BoldItalic.ttf in Resources */,
				8EA45CCC2657617C0001E030 /* Roboto-BlackItalic.ttf in Resources */,
				8EA45CC52657617C0001E030 /* Roboto-LightItalic.ttf in Resources */,
				8EA45CCE2657617C0001E030 /* Roboto-Light.ttf in Resources */,
				8EA45CC42657617C0001E030 /* Roboto-Bold.ttf in Resources */,
				8EA45CC92657617C0001E030 /* Roboto-Thin.ttf in Resources */,
				8EA45CC62657617C0001E030 /* Roboto-MediumItalic.ttf in Resources */,
				8EA45CC72657617C0001E030 /* Roboto-Black.ttf in Resources */,
				8EA45CB3265760A60001E030 /* Colors.xcassets in Resources */,
				8EA45CC82657617C0001E030 /* Roboto-Italic.ttf in Resources */,
				8EA45CCB2657617C0001E030 /* Roboto-Regular.ttf in Resources */,
				8EA45CA6265757D10001E030 /* Preview Assets.xcassets in Resources */,
				8EA45CA3265757D10001E030 /* Assets.xcassets in Resources */,
			);
			runOnlyForDeploymentPostprocessing = 0;
		};
/* End PBXResourcesBuildPhase section */

/* Begin PBXSourcesBuildPhase section */
		8EA45C97265757D00001E030 /* Sources */ = {
			isa = PBXSourcesBuildPhase;
			buildActionMask = 2147483647;
			files = (
				8EA45CE8265765840001E030 /* LocalStorage.swift in Sources */,
				8EA45CD6265762A70001E030 /* TimerRound.swift in Sources */,
				8EA45CA1265757D00001E030 /* ContentView.swift in Sources */,
				8EA45CDF265763110001E030 /* Starred.swift in Sources */,
				8EA45C9F265757D00001E030 /* BioMatrixApp.swift in Sources */,
				8E03604B2663533B008340C9 /* QuestionBox.swift in Sources */,
				8EA45CEC265765970001E030 /* Question.swift in Sources */,
				8EA45CE5265765690001E030 /* Welcome.swift in Sources */,
				8E0AFA3D265B4FDA00F2CE44 /* GetQuestion.swift in Sources */,
				8EA45CDC265762F90001E030 /* PickRound.swift in Sources */,
				8EA45CD22657629E0001E030 /* TurtleRound.swift in Sources */,
				8EA45CD9265762B70001E030 /* SpeedRound.swift in Sources */,
			);
			runOnlyForDeploymentPostprocessing = 0;
		};
/* End PBXSourcesBuildPhase section */

/* Begin XCBuildConfiguration section */
		8EA45CA8265757D10001E030 /* Debug */ = {
			isa = XCBuildConfiguration;
			buildSettings = {
				ALWAYS_SEARCH_USER_PATHS = NO;
				CLANG_ANALYZER_NONNULL = YES;
				CLANG_ANALYZER_NUMBER_OBJECT_CONVERSION = YES_AGGRESSIVE;
				CLANG_CXX_LANGUAGE_STANDARD = "gnu++14";
				CLANG_CXX_LIBRARY = "libc++";
				CLANG_ENABLE_MODULES = YES;
				CLANG_ENABLE_OBJC_ARC = YES;
				CLANG_ENABLE_OBJC_WEAK = YES;
				CLANG_WARN_BLOCK_CAPTURE_AUTORELEASING = YES;
				CLANG_WARN_BOOL_CONVERSION = YES;
				CLANG_WARN_COMMA = YES;
				CLANG_WARN_CONSTANT_CONVERSION = YES;
				CLANG_WARN_DEPRECATED_OBJC_IMPLEMENTATIONS = YES;
				CLANG_WARN_DIRECT_OBJC_ISA_USAGE = YES_ERROR;
				CLANG_WARN_DOCUMENTATION_COMMENTS = YES;
				CLANG_WARN_EMPTY_BODY = YES;
				CLANG_WARN_ENUM_CONVERSION = YES;
				CLANG_WARN_INFINITE_RECURSION = YES;
				CLANG_WARN_INT_CONVERSION = YES;
				CLANG_WARN_NON_LITERAL_NULL_CONVERSION = YES;
				CLANG_WARN_OBJC_IMPLICIT_RETAIN_SELF = YES;
				CLANG_WARN_OBJC_LITERAL_CONVERSION = YES;
				CLANG_WARN_OBJC_ROOT_CLASS = YES_ERROR;
				CLANG_WARN_QUOTED_INCLUDE_IN_FRAMEWORK_HEADER = YES;
				CLANG_WARN_RANGE_LOOP_ANALYSIS = YES;
				CLANG_WARN_STRICT_PROTOTYPES = YES;
				CLANG_WARN_SUSPICIOUS_MOVE = YES;
				CLANG_WARN_UNGUARDED_AVAILABILITY = YES_AGGRESSIVE;
				CLANG_WARN_UNREACHABLE_CODE = YES;
				CLANG_WARN__DUPLICATE_METHOD_MATCH = YES;
				COPY_PHASE_STRIP = NO;
				DEBUG_INFORMATION_FORMAT = dwarf;
				ENABLE_STRICT_OBJC_MSGSEND = YES;
				ENABLE_TESTABILITY = YES;
				GCC_C_LANGUAGE_STANDARD = gnu11;
				GCC_DYNAMIC_NO_PIC = NO;
				GCC_NO_COMMON_BLOCKS = YES;
				GCC_OPTIMIZATION_LEVEL = 0;
				GCC_PREPROCESSOR_DEFINITIONS = (
					"DEBUG=1",
					"$(inherited)",
				);
				GCC_WARN_64_TO_32_BIT_CONVERSION = YES;
				GCC_WARN_ABOUT_RETURN_TYPE = YES_ERROR;
				GCC_WARN_UNDECLARED_SELECTOR = YES;
				GCC_WARN_UNINITIALIZED_AUTOS = YES_AGGRESSIVE;
				GCC_WARN_UNUSED_FUNCTION = YES;
				GCC_WARN_UNUSED_VARIABLE = YES;
				IPHONEOS_DEPLOYMENT_TARGET = 14.4;
				MTL_ENABLE_DEBUG_INFO = INCLUDE_SOURCE;
				MTL_FAST_MATH = YES;
				ONLY_ACTIVE_ARCH = YES;
				SDKROOT = iphoneos;
				SWIFT_ACTIVE_COMPILATION_CONDITIONS = DEBUG;
				SWIFT_OPTIMIZATION_LEVEL = "-Onone";
			};
			name = Debug;
		};
		8EA45CA9265757D10001E030 /* Release */ = {
			isa = XCBuildConfiguration;
			buildSettings = {
				ALWAYS_SEARCH_USER_PATHS = NO;
				CLANG_ANALYZER_NONNULL = YES;
				CLANG_ANALYZER_NUMBER_OBJECT_CONVERSION = YES_AGGRESSIVE;
				CLANG_CXX_LANGUAGE_STANDARD = "gnu++14";
				CLANG_CXX_LIBRARY = "libc++";
				CLANG_ENABLE_MODULES = YES;
				CLANG_ENABLE_OBJC_ARC = YES;
				CLANG_ENABLE_OBJC_WEAK = YES;
				CLANG_WARN_BLOCK_CAPTURE_AUTORELEASING = YES;
				CLANG_WARN_BOOL_CONVERSION = YES;
				CLANG_WARN_COMMA = YES;
				CLANG_WARN_CONSTANT_CONVERSION = YES;
				CLANG_WARN_DEPRECATED_OBJC_IMPLEMENTATIONS = YES;
				CLANG_WARN_DIRECT_OBJC_ISA_USAGE = YES_ERROR;
				CLANG_WARN_DOCUMENTATION_COMMENTS = YES;
				CLANG_WARN_EMPTY_BODY = YES;
				CLANG_WARN_ENUM_CONVERSION = YES;
				CLANG_WARN_INFINITE_RECURSION = YES;
				CLANG_WARN_INT_CONVERSION = YES;
				CLANG_WARN_NON_LITERAL_NULL_CONVERSION = YES;
				CLANG_WARN_OBJC_IMPLICIT_RETAIN_SELF = YES;
				CLANG_WARN_OBJC_LITERAL_CONVERSION = YES;
				CLANG_WARN_OBJC_ROOT_CLASS = YES_ERROR;
				CLANG_WARN_QUOTED_INCLUDE_IN_FRAMEWORK_HEADER = YES;
				CLANG_WARN_RANGE_LOOP_ANALYSIS = YES;
				CLANG_WARN_STRICT_PROTOTYPES = YES;
				CLANG_WARN_SUSPICIOUS_MOVE = YES;
				CLANG_WARN_UNGUARDED_AVAILABILITY = YES_AGGRESSIVE;
				CLANG_WARN_UNREACHABLE_CODE = YES;
				CLANG_WARN__DUPLICATE_METHOD_MATCH = YES;
				COPY_PHASE_STRIP = NO;
				DEBUG_INFORMATION_FORMAT = "dwarf-with-dsym";
				ENABLE_NS_ASSERTIONS = NO;
				ENABLE_STRICT_OBJC_MSGSEND = YES;
				GCC_C_LANGUAGE_STANDARD = gnu11;
				GCC_NO_COMMON_BLOCKS = YES;
				GCC_WARN_64_TO_32_BIT_CONVERSION = YES;
				GCC_WARN_ABOUT_RETURN_TYPE = YES_ERROR;
				GCC_WARN_UNDECLARED_SELECTOR = YES;
				GCC_WARN_UNINITIALIZED_AUTOS = YES_AGGRESSIVE;
				GCC_WARN_UNUSED_FUNCTION = YES;
				GCC_WARN_UNUSED_VARIABLE = YES;
				IPHONEOS_DEPLOYMENT_TARGET = 14.4;
				MTL_ENABLE_DEBUG_INFO = NO;
				MTL_FAST_MATH = YES;
				SDKROOT = iphoneos;
				SWIFT_COMPILATION_MODE = wholemodule;
				SWIFT_OPTIMIZATION_LEVEL = "-O";
				VALIDATE_PRODUCT = YES;
			};
			name = Release;
		};
		8EA45CAB265757D10001E030 /* Debug */ = {
			isa = XCBuildConfiguration;
			buildSettings = {
				ASSETCATALOG_COMPILER_APPICON_NAME = AppIcon;
				ASSETCATALOG_COMPILER_GLOBAL_ACCENT_COLOR_NAME = AccentColor;
				CODE_SIGN_STYLE = Automatic;
				DEVELOPMENT_ASSET_PATHS = "\"BioMatrix/Preview Content\"";
				DEVELOPMENT_TEAM = 2UTQ2J5TMF;
				ENABLE_PREVIEWS = YES;
				INFOPLIST_FILE = BioMatrix/Info.plist;
				IPHONEOS_DEPLOYMENT_TARGET = 14.0;
				LD_RUNPATH_SEARCH_PATHS = (
					"$(inherited)",
					"@executable_path/Frameworks",
				);
				PRODUCT_BUNDLE_IDENTIFIER = com.eeshajain.BioMatrix;
				PRODUCT_NAME = "$(TARGET_NAME)";
				SWIFT_VERSION = 5.0;
				TARGETED_DEVICE_FAMILY = "1,2";
			};
			name = Debug;
		};
		8EA45CAC265757D10001E030 /* Release */ = {
			isa = XCBuildConfiguration;
			buildSettings = {
				ASSETCATALOG_COMPILER_APPICON_NAME = AppIcon;
				ASSETCATALOG_COMPILER_GLOBAL_ACCENT_COLOR_NAME = AccentColor;
				CODE_SIGN_STYLE = Automatic;
				DEVELOPMENT_ASSET_PATHS = "\"BioMatrix/Preview Content\"";
				DEVELOPMENT_TEAM = 2UTQ2J5TMF;
				ENABLE_PREVIEWS = YES;
				INFOPLIST_FILE = BioMatrix/Info.plist;
				IPHONEOS_DEPLOYMENT_TARGET = 14.0;
				LD_RUNPATH_SEARCH_PATHS = (
					"$(inherited)",
					"@executable_path/Frameworks",
				);
				PRODUCT_BUNDLE_IDENTIFIER = com.eeshajain.BioMatrix;
				PRODUCT_NAME = "$(TARGET_NAME)";
				SWIFT_VERSION = 5.0;
				TARGETED_DEVICE_FAMILY = "1,2";
			};
			name = Release;
		};
/* End XCBuildConfiguration section */

/* Begin XCConfigurationList section */
		8EA45C96265757D00001E030 /* Build configuration list for PBXProject "BioMatrix" */ = {
			isa = XCConfigurationList;
			buildConfigurations = (
				8EA45CA8265757D10001E030 /* Debug */,
				8EA45CA9265757D10001E030 /* Release */,
			);
			defaultConfigurationIsVisible = 0;
			defaultConfigurationName = Release;
		};
		8EA45CAA265757D10001E030 /* Build configuration list for PBXNativeTarget "BioMatrix" */ = {
			isa = XCConfigurationList;
			buildConfigurations = (
				8EA45CAB265757D10001E030 /* Debug */,
				8EA45CAC265757D10001E030 /* Release */,
			);
			defaultConfigurationIsVisible = 0;
			defaultConfigurationName = Release;
		};
/* End XCConfigurationList section */
	};
	rootObject = 8EA45C93265757D00001E030 /* Project object */;
}
